// !$*UTF8*$!
{
	archiveVersion = 1;
	classes = {
	};
	objectVersion = 48;
	objects = {

/* Begin PBXBuildFile section */
		BF4BD1342049A26200A2E52C /* TextFieldWithInsets.swift in Sources */ = {isa = PBXBuildFile; fileRef = BF4BD1332049A26200A2E52C /* TextFieldWithInsets.swift */; };
		BF565F822045E59C00B9C897 /* EnterActivationCodeModels.swift in Sources */ = {isa = PBXBuildFile; fileRef = BF565F812045E59C00B9C897 /* EnterActivationCodeModels.swift */; };
		BF565F842045E70000B9C897 /* ScanActivationCodeModels.swift in Sources */ = {isa = PBXBuildFile; fileRef = BF565F832045E70000B9C897 /* ScanActivationCodeModels.swift */; };
		BF565F89204717E100B9C897 /* RoundCornersButton.swift in Sources */ = {isa = PBXBuildFile; fileRef = BF565F88204717E100B9C897 /* RoundCornersButton.swift */; };
		BF565F8B2047191300B9C897 /* RoundCornersView.swift in Sources */ = {isa = PBXBuildFile; fileRef = BF565F8A2047191300B9C897 /* RoundCornersView.swift */; };
		BF565F8D20471A2000B9C897 /* WizardButtons.swift in Sources */ = {isa = PBXBuildFile; fileRef = BF565F8C20471A2000B9C897 /* WizardButtons.swift */; };
		BF565F92204728CC00B9C897 /* KeysExchangeViewController.swift in Sources */ = {isa = PBXBuildFile; fileRef = BF565F91204728CC00B9C897 /* KeysExchangeViewController.swift */; };
		BF565F94204728DE00B9C897 /* KeysExchangeRouter.swift in Sources */ = {isa = PBXBuildFile; fileRef = BF565F93204728DE00B9C897 /* KeysExchangeRouter.swift */; };
		BF565F96204728EC00B9C897 /* KeysExchangeModels.swift in Sources */ = {isa = PBXBuildFile; fileRef = BF565F95204728EC00B9C897 /* KeysExchangeModels.swift */; };
		BF565F9920473B9A00B9C897 /* ErrorActivationViewController.swift in Sources */ = {isa = PBXBuildFile; fileRef = BF565F9820473B9A00B9C897 /* ErrorActivationViewController.swift */; };
		BF565F9B20473BA900B9C897 /* ErrorActivationRouter.swift in Sources */ = {isa = PBXBuildFile; fileRef = BF565F9A20473BA900B9C897 /* ErrorActivationRouter.swift */; };
		BF565F9D20473BD100B9C897 /* ErrorActivationModels.swift in Sources */ = {isa = PBXBuildFile; fileRef = BF565F9C20473BD100B9C897 /* ErrorActivationModels.swift */; };
		BF565FA82047410200B9C897 /* EnableBiometryRouter.swift in Sources */ = {isa = PBXBuildFile; fileRef = BF565FA72047410200B9C897 /* EnableBiometryRouter.swift */; };
		BF565FAA2047415900B9C897 /* EnableBiometryModels.swift in Sources */ = {isa = PBXBuildFile; fileRef = BF565FA92047415900B9C897 /* EnableBiometryModels.swift */; };
		BF565FAC2047423600B9C897 /* EnableBiometryViewController.swift in Sources */ = {isa = PBXBuildFile; fileRef = BF565FAB2047423600B9C897 /* EnableBiometryViewController.swift */; };
		BF565FAE2047432E00B9C897 /* ConfirmActivationViewController.swift in Sources */ = {isa = PBXBuildFile; fileRef = BF565FAD2047432E00B9C897 /* ConfirmActivationViewController.swift */; };
		BF565FB0204743F300B9C897 /* ConfirmActivationRouter.swift in Sources */ = {isa = PBXBuildFile; fileRef = BF565FAF204743F300B9C897 /* ConfirmActivationRouter.swift */; };
		BF565FB22047440000B9C897 /* ConfirmActivationModels.swift in Sources */ = {isa = PBXBuildFile; fileRef = BF565FB12047440000B9C897 /* ConfirmActivationModels.swift */; };
		BF5E3F96204B09570064EF7B /* Assets.xcassets in Resources */ = {isa = PBXBuildFile; fileRef = BF5E3F95204B09560064EF7B /* Assets.xcassets */; };
		BF5E3F98204B19E70064EF7B /* FakePasswordViewController.swift in Sources */ = {isa = PBXBuildFile; fileRef = BF5E3F97204B19E70064EF7B /* FakePasswordViewController.swift */; };
		BF6134322044765E00164496 /* QRCodeScanner.swift in Sources */ = {isa = PBXBuildFile; fileRef = BF6134312044765E00164496 /* QRCodeScanner.swift */; };
		BF613434204485B400164496 /* BeginActivationViewController.swift in Sources */ = {isa = PBXBuildFile; fileRef = BF613433204485B400164496 /* BeginActivationViewController.swift */; };
		BF6134372044863A00164496 /* BeginActivationRouter.swift in Sources */ = {isa = PBXBuildFile; fileRef = BF6134362044863A00164496 /* BeginActivationRouter.swift */; };
		BF61343D20448D2100164496 /* NoCameraAccessViewController.swift in Sources */ = {isa = PBXBuildFile; fileRef = BF61343C20448D2100164496 /* NoCameraAccessViewController.swift */; };
		BF61343F20448D5400164496 /* EnterActivationCodeViewController.swift in Sources */ = {isa = PBXBuildFile; fileRef = BF61343E20448D5400164496 /* EnterActivationCodeViewController.swift */; };
		BF61344120448DA900164496 /* ScanActivationCodeViewController.swift in Sources */ = {isa = PBXBuildFile; fileRef = BF61344020448DA900164496 /* ScanActivationCodeViewController.swift */; };
		BF61344320448DDF00164496 /* ScanActivationCodeRouter.swift in Sources */ = {isa = PBXBuildFile; fileRef = BF61344220448DDF00164496 /* ScanActivationCodeRouter.swift */; };
		BF61344620448E7100164496 /* EnterActivationCodeRouter.swift in Sources */ = {isa = PBXBuildFile; fileRef = BF61344520448E7100164496 /* EnterActivationCodeRouter.swift */; };
		BF61344820448EBD00164496 /* NoCameraAccessRouter.swift in Sources */ = {isa = PBXBuildFile; fileRef = BF61344720448EBD00164496 /* NoCameraAccessRouter.swift */; };
		BF61344A204490E000164496 /* CameraAccess.swift in Sources */ = {isa = PBXBuildFile; fileRef = BF613449204490E000164496 /* CameraAccess.swift */; };
		BF61344C2045A97E00164496 /* BeginActivationModels.swift in Sources */ = {isa = PBXBuildFile; fileRef = BF61344B2045A97E00164496 /* BeginActivationModels.swift */; };
		BF61344E2045AD3E00164496 /* ActivationModels.swift in Sources */ = {isa = PBXBuildFile; fileRef = BF61344D2045AD3E00164496 /* ActivationModels.swift */; };
		BF6134522045C45300164496 /* LazyUIImage.swift in Sources */ = {isa = PBXBuildFile; fileRef = BF6134512045C45300164496 /* LazyUIImage.swift */; };
		BF68809520480FC800351112 /* LimeAuthActivationUI+DefaultResources.swift in Sources */ = {isa = PBXBuildFile; fileRef = BF68809420480FC800351112 /* LimeAuthActivationUI+DefaultResources.swift */; };
		BF68809820481B9300351112 /* DefaultActivationResourcesProvider.swift in Sources */ = {isa = PBXBuildFile; fileRef = BF68809720481B9300351112 /* DefaultActivationResourcesProvider.swift */; };
		BF6880B02048713E00351112 /* LimeCore.framework in Frameworks */ = {isa = PBXBuildFile; fileRef = BF6880AF2048713E00351112 /* LimeCore.framework */; };
		BF6880B22048714500351112 /* PowerAuth2.framework in Frameworks */ = {isa = PBXBuildFile; fileRef = BF6880B12048714400351112 /* PowerAuth2.framework */; };
		BF85E595203DBDD600B76FE8 /* LimeAuthActivationUI.swift in Sources */ = {isa = PBXBuildFile; fileRef = BF85E594203DBDD600B76FE8 /* LimeAuthActivationUI.swift */; };
		BF85E597203DBDED00B76FE8 /* LimeAuthAuthenticationUI.swift in Sources */ = {isa = PBXBuildFile; fileRef = BF85E596203DBDED00B76FE8 /* LimeAuthAuthenticationUI.swift */; };
		BF8CF45320320A5E002A6B6E /* LimeAuth.h in Headers */ = {isa = PBXBuildFile; fileRef = BF8CF45120320A5E002A6B6E /* LimeAuth.h */; settings = {ATTRIBUTES = (Public, ); }; };
		BF8CF45620320ACA002A6B6E /* LimeImports.swift in Sources */ = {isa = PBXBuildFile; fileRef = BF8CF45520320ACA002A6B6E /* LimeImports.swift */; };
		BF8CF46B2032E8EA002A6B6E /* LimeAuthSession.swift in Sources */ = {isa = PBXBuildFile; fileRef = BF8CF46A2032E8EA002A6B6E /* LimeAuthSession.swift */; };
		BF8CF53A2032F765002A6B6E /* LimeAuthSessionConfig.swift in Sources */ = {isa = PBXBuildFile; fileRef = BF8CF5392032F765002A6B6E /* LimeAuthSessionConfig.swift */; };
		BFAE069920582CF7003485D7 /* EnterPasswordRouter.swift in Sources */ = {isa = PBXBuildFile; fileRef = BFAE069820582CF7003485D7 /* EnterPasswordRouter.swift */; };
		BFAE069B20582E5F003485D7 /* CreatePasswordRouter.swift in Sources */ = {isa = PBXBuildFile; fileRef = BFAE069A20582E5F003485D7 /* CreatePasswordRouter.swift */; };
		BFAE069D20583A30003485D7 /* ChangePasswordRouter.swift in Sources */ = {isa = PBXBuildFile; fileRef = BFAE069C20583A30003485D7 /* ChangePasswordRouter.swift */; };
		BFAE069F20583D55003485D7 /* AuthenticationUIOperationExecutor.swift in Sources */ = {isa = PBXBuildFile; fileRef = BFAE069E20583D55003485D7 /* AuthenticationUIOperationExecutor.swift */; };
		BFAE06A7205933B3003485D7 /* OnlineAuthenticationUIOperation.swift in Sources */ = {isa = PBXBuildFile; fileRef = BFAE06A6205933B3003485D7 /* OnlineAuthenticationUIOperation.swift */; };
		BFAE06A920593692003485D7 /* OfflineAuthenticationUIOperation.swift in Sources */ = {isa = PBXBuildFile; fileRef = BFAE06A820593692003485D7 /* OfflineAuthenticationUIOperation.swift */; };
		BFD125F5203334DA001CE861 /* PowerAuthSDK+Config.swift in Sources */ = {isa = PBXBuildFile; fileRef = BFD125F4203334DA001CE861 /* PowerAuthSDK+Config.swift */; };
		BFD125FC20333656001CE861 /* LimeAuthSession+Singleton.swift in Sources */ = {isa = PBXBuildFile; fileRef = BFD125FB20333656001CE861 /* LimeAuthSession+Singleton.swift */; };
		BFD1260220335057001CE861 /* LimeAuthSession+Status.swift in Sources */ = {isa = PBXBuildFile; fileRef = BFD1260120335057001CE861 /* LimeAuthSession+Status.swift */; };
		BFD126042034A03E001CE861 /* LimeAuthSession+Queue.swift in Sources */ = {isa = PBXBuildFile; fileRef = BFD126032034A03E001CE861 /* LimeAuthSession+Queue.swift */; };
		BFDB8CCE20516D4B0063C5EA /* PA2KeychainExtensions.swift in Sources */ = {isa = PBXBuildFile; fileRef = BFDB8CCD20516D4A0063C5EA /* PA2KeychainExtensions.swift */; };
		BFDB8CD020516D680063C5EA /* LimeAuthError.swift in Sources */ = {isa = PBXBuildFile; fileRef = BFDB8CCF20516D680063C5EA /* LimeAuthError.swift */; };
		BFDB8CD320516DB30063C5EA /* LimeAuthUIBaseViewController.swift in Sources */ = {isa = PBXBuildFile; fileRef = BFDB8CD220516DB30063C5EA /* LimeAuthUIBaseViewController.swift */; };
		BFDB8CD620516DE00063C5EA /* LimeAuthCredentialsProvider.swift in Sources */ = {isa = PBXBuildFile; fileRef = BFDB8CD420516DE00063C5EA /* LimeAuthCredentialsProvider.swift */; };
		BFDB8CD720516DE00063C5EA /* LimeAuthCredentials.swift in Sources */ = {isa = PBXBuildFile; fileRef = BFDB8CD520516DE00063C5EA /* LimeAuthCredentials.swift */; };
		BFDB8CE82056ABE40063C5EA /* AuthenticationModels.swift in Sources */ = {isa = PBXBuildFile; fileRef = BFDB8CE52056ABE40063C5EA /* AuthenticationModels.swift */; };
		BFDB8CE92056ABE40063C5EA /* AuthenticationUIOperation.swift in Sources */ = {isa = PBXBuildFile; fileRef = BFDB8CE62056ABE40063C5EA /* AuthenticationUIOperation.swift */; };
		BFDB8CEA2056ABE40063C5EA /* AuthenticationUIProcess.swift in Sources */ = {isa = PBXBuildFile; fileRef = BFDB8CE72056ABE40063C5EA /* AuthenticationUIProcess.swift */; };
		BFDBCBB42045D00D001585BF /* Activation.storyboard in Resources */ = {isa = PBXBuildFile; fileRef = BFDBCBB32045CFFE001585BF /* Activation.storyboard */; };
		BFDBCBC02045DDEA001585BF /* NoCameraAccessModels.swift in Sources */ = {isa = PBXBuildFile; fileRef = BFDBCBBF2045DDEA001585BF /* NoCameraAccessModels.swift */; };
		BFDBCBC22045E1AD001585BF /* ActivationUIProcess.swift in Sources */ = {isa = PBXBuildFile; fileRef = BFDBCBC12045E1AD001585BF /* ActivationUIProcess.swift */; };
		BFDE279220359A37004BC16D /* ActivationStatusFetcher.swift in Sources */ = {isa = PBXBuildFile; fileRef = BFDE279120359A37004BC16D /* ActivationStatusFetcher.swift */; };
		BFDE27942035A90E004BC16D /* AsyncBlockOperation.swift in Sources */ = {isa = PBXBuildFile; fileRef = BFDE27932035A90E004BC16D /* AsyncBlockOperation.swift */; };
		BFDE27962035A929004BC16D /* AsyncOperation.swift in Sources */ = {isa = PBXBuildFile; fileRef = BFDE27952035A929004BC16D /* AsyncOperation.swift */; };
		BFDE27982035F34D004BC16D /* LimeAuthSession+Activation.swift in Sources */ = {isa = PBXBuildFile; fileRef = BFDE27972035F34D004BC16D /* LimeAuthSession+Activation.swift */; };
/* End PBXBuildFile section */

/* Begin PBXFileReference section */
		BF4BD1332049A26200A2E52C /* TextFieldWithInsets.swift */ = {isa = PBXFileReference; lastKnownFileType = sourcecode.swift; path = TextFieldWithInsets.swift; sourceTree = "<group>"; };
		BF565F812045E59C00B9C897 /* EnterActivationCodeModels.swift */ = {isa = PBXFileReference; lastKnownFileType = sourcecode.swift; path = EnterActivationCodeModels.swift; sourceTree = "<group>"; };
		BF565F832045E70000B9C897 /* ScanActivationCodeModels.swift */ = {isa = PBXFileReference; lastKnownFileType = sourcecode.swift; path = ScanActivationCodeModels.swift; sourceTree = "<group>"; };
		BF565F88204717E100B9C897 /* RoundCornersButton.swift */ = {isa = PBXFileReference; lastKnownFileType = sourcecode.swift; path = RoundCornersButton.swift; sourceTree = "<group>"; };
		BF565F8A2047191300B9C897 /* RoundCornersView.swift */ = {isa = PBXFileReference; lastKnownFileType = sourcecode.swift; path = RoundCornersView.swift; sourceTree = "<group>"; };
		BF565F8C20471A2000B9C897 /* WizardButtons.swift */ = {isa = PBXFileReference; lastKnownFileType = sourcecode.swift; path = WizardButtons.swift; sourceTree = "<group>"; };
		BF565F91204728CC00B9C897 /* KeysExchangeViewController.swift */ = {isa = PBXFileReference; lastKnownFileType = sourcecode.swift; path = KeysExchangeViewController.swift; sourceTree = "<group>"; };
		BF565F93204728DE00B9C897 /* KeysExchangeRouter.swift */ = {isa = PBXFileReference; lastKnownFileType = sourcecode.swift; path = KeysExchangeRouter.swift; sourceTree = "<group>"; };
		BF565F95204728EC00B9C897 /* KeysExchangeModels.swift */ = {isa = PBXFileReference; lastKnownFileType = sourcecode.swift; path = KeysExchangeModels.swift; sourceTree = "<group>"; };
		BF565F9820473B9A00B9C897 /* ErrorActivationViewController.swift */ = {isa = PBXFileReference; lastKnownFileType = sourcecode.swift; path = ErrorActivationViewController.swift; sourceTree = "<group>"; };
		BF565F9A20473BA900B9C897 /* ErrorActivationRouter.swift */ = {isa = PBXFileReference; lastKnownFileType = sourcecode.swift; path = ErrorActivationRouter.swift; sourceTree = "<group>"; };
		BF565F9C20473BD100B9C897 /* ErrorActivationModels.swift */ = {isa = PBXFileReference; lastKnownFileType = sourcecode.swift; path = ErrorActivationModels.swift; sourceTree = "<group>"; };
		BF565FA72047410200B9C897 /* EnableBiometryRouter.swift */ = {isa = PBXFileReference; lastKnownFileType = sourcecode.swift; path = EnableBiometryRouter.swift; sourceTree = "<group>"; };
		BF565FA92047415900B9C897 /* EnableBiometryModels.swift */ = {isa = PBXFileReference; lastKnownFileType = sourcecode.swift; path = EnableBiometryModels.swift; sourceTree = "<group>"; };
		BF565FAB2047423600B9C897 /* EnableBiometryViewController.swift */ = {isa = PBXFileReference; lastKnownFileType = sourcecode.swift; path = EnableBiometryViewController.swift; sourceTree = "<group>"; };
		BF565FAD2047432E00B9C897 /* ConfirmActivationViewController.swift */ = {isa = PBXFileReference; lastKnownFileType = sourcecode.swift; path = ConfirmActivationViewController.swift; sourceTree = "<group>"; };
		BF565FAF204743F300B9C897 /* ConfirmActivationRouter.swift */ = {isa = PBXFileReference; lastKnownFileType = sourcecode.swift; path = ConfirmActivationRouter.swift; sourceTree = "<group>"; };
		BF565FB12047440000B9C897 /* ConfirmActivationModels.swift */ = {isa = PBXFileReference; lastKnownFileType = sourcecode.swift; path = ConfirmActivationModels.swift; sourceTree = "<group>"; };
		BF5E3F95204B09560064EF7B /* Assets.xcassets */ = {isa = PBXFileReference; lastKnownFileType = folder.assetcatalog; path = Assets.xcassets; sourceTree = "<group>"; };
		BF5E3F97204B19E70064EF7B /* FakePasswordViewController.swift */ = {isa = PBXFileReference; lastKnownFileType = sourcecode.swift; path = FakePasswordViewController.swift; sourceTree = "<group>"; };
		BF6134312044765E00164496 /* QRCodeScanner.swift */ = {isa = PBXFileReference; lastKnownFileType = sourcecode.swift; path = QRCodeScanner.swift; sourceTree = "<group>"; };
		BF613433204485B400164496 /* BeginActivationViewController.swift */ = {isa = PBXFileReference; lastKnownFileType = sourcecode.swift; path = BeginActivationViewController.swift; sourceTree = "<group>"; };
		BF6134362044863A00164496 /* BeginActivationRouter.swift */ = {isa = PBXFileReference; lastKnownFileType = sourcecode.swift; path = BeginActivationRouter.swift; sourceTree = "<group>"; };
		BF61343C20448D2100164496 /* NoCameraAccessViewController.swift */ = {isa = PBXFileReference; lastKnownFileType = sourcecode.swift; path = NoCameraAccessViewController.swift; sourceTree = "<group>"; };
		BF61343E20448D5400164496 /* EnterActivationCodeViewController.swift */ = {isa = PBXFileReference; lastKnownFileType = sourcecode.swift; path = EnterActivationCodeViewController.swift; sourceTree = "<group>"; };
		BF61344020448DA900164496 /* ScanActivationCodeViewController.swift */ = {isa = PBXFileReference; lastKnownFileType = sourcecode.swift; path = ScanActivationCodeViewController.swift; sourceTree = "<group>"; };
		BF61344220448DDF00164496 /* ScanActivationCodeRouter.swift */ = {isa = PBXFileReference; lastKnownFileType = sourcecode.swift; path = ScanActivationCodeRouter.swift; sourceTree = "<group>"; };
		BF61344520448E7100164496 /* EnterActivationCodeRouter.swift */ = {isa = PBXFileReference; lastKnownFileType = sourcecode.swift; path = EnterActivationCodeRouter.swift; sourceTree = "<group>"; };
		BF61344720448EBD00164496 /* NoCameraAccessRouter.swift */ = {isa = PBXFileReference; lastKnownFileType = sourcecode.swift; path = NoCameraAccessRouter.swift; sourceTree = "<group>"; };
		BF613449204490E000164496 /* CameraAccess.swift */ = {isa = PBXFileReference; lastKnownFileType = sourcecode.swift; path = CameraAccess.swift; sourceTree = "<group>"; };
		BF61344B2045A97E00164496 /* BeginActivationModels.swift */ = {isa = PBXFileReference; lastKnownFileType = sourcecode.swift; path = BeginActivationModels.swift; sourceTree = "<group>"; };
		BF61344D2045AD3E00164496 /* ActivationModels.swift */ = {isa = PBXFileReference; lastKnownFileType = sourcecode.swift; path = ActivationModels.swift; sourceTree = "<group>"; };
		BF6134512045C45300164496 /* LazyUIImage.swift */ = {isa = PBXFileReference; lastKnownFileType = sourcecode.swift; path = LazyUIImage.swift; sourceTree = "<group>"; };
		BF68809420480FC800351112 /* LimeAuthActivationUI+DefaultResources.swift */ = {isa = PBXFileReference; lastKnownFileType = sourcecode.swift; path = "LimeAuthActivationUI+DefaultResources.swift"; sourceTree = "<group>"; };
		BF68809720481B9300351112 /* DefaultActivationResourcesProvider.swift */ = {isa = PBXFileReference; lastKnownFileType = sourcecode.swift; path = DefaultActivationResourcesProvider.swift; sourceTree = "<group>"; };
		BF6880AF2048713E00351112 /* LimeCore.framework */ = {isa = PBXFileReference; lastKnownFileType = wrapper.framework; name = LimeCore.framework; path = Carthage/Build/iOS/LimeCore.framework; sourceTree = "<group>"; };
		BF6880B12048714400351112 /* PowerAuth2.framework */ = {isa = PBXFileReference; lastKnownFileType = wrapper.framework; name = PowerAuth2.framework; path = Carthage/Build/iOS/PowerAuth2.framework; sourceTree = "<group>"; };
		BF85E594203DBDD600B76FE8 /* LimeAuthActivationUI.swift */ = {isa = PBXFileReference; lastKnownFileType = sourcecode.swift; path = LimeAuthActivationUI.swift; sourceTree = "<group>"; };
		BF85E596203DBDED00B76FE8 /* LimeAuthAuthenticationUI.swift */ = {isa = PBXFileReference; lastKnownFileType = sourcecode.swift; path = LimeAuthAuthenticationUI.swift; sourceTree = "<group>"; };
		BF8CF42E20320880002A6B6E /* LimeAuth.framework */ = {isa = PBXFileReference; explicitFileType = wrapper.framework; includeInIndex = 0; path = LimeAuth.framework; sourceTree = BUILT_PRODUCTS_DIR; };
		BF8CF44F20320A40002A6B6E /* Info.plist */ = {isa = PBXFileReference; lastKnownFileType = text.plist.xml; path = Info.plist; sourceTree = "<group>"; };
		BF8CF45020320A40002A6B6E /* LimeAuth.podspec */ = {isa = PBXFileReference; lastKnownFileType = text; path = LimeAuth.podspec; sourceTree = "<group>"; };
		BF8CF45120320A5E002A6B6E /* LimeAuth.h */ = {isa = PBXFileReference; fileEncoding = 4; lastKnownFileType = sourcecode.c.h; name = LimeAuth.h; path = Source/LimeAuth.h; sourceTree = "<group>"; };
		BF8CF45220320A5E002A6B6E /* Info.plist */ = {isa = PBXFileReference; fileEncoding = 4; lastKnownFileType = text.plist.xml; name = Info.plist; path = Source/Info.plist; sourceTree = "<group>"; };
		BF8CF45520320ACA002A6B6E /* LimeImports.swift */ = {isa = PBXFileReference; lastKnownFileType = sourcecode.swift; path = LimeImports.swift; sourceTree = "<group>"; };
		BF8CF45720320AF9002A6B6E /* README.md */ = {isa = PBXFileReference; lastKnownFileType = net.daringfireball.markdown; path = README.md; sourceTree = "<group>"; };
		BF8CF45820320B04002A6B6E /* Cartfile */ = {isa = PBXFileReference; lastKnownFileType = text; path = Cartfile; sourceTree = "<group>"; };
		BF8CF45920320B17002A6B6E /* LimeAuth.podspec */ = {isa = PBXFileReference; lastKnownFileType = text; path = LimeAuth.podspec; sourceTree = "<group>"; };
		BF8CF46A2032E8EA002A6B6E /* LimeAuthSession.swift */ = {isa = PBXFileReference; lastKnownFileType = sourcecode.swift; path = LimeAuthSession.swift; sourceTree = "<group>"; };
		BF8CF5392032F765002A6B6E /* LimeAuthSessionConfig.swift */ = {isa = PBXFileReference; lastKnownFileType = sourcecode.swift; path = LimeAuthSessionConfig.swift; sourceTree = "<group>"; };
		BFAE069820582CF7003485D7 /* EnterPasswordRouter.swift */ = {isa = PBXFileReference; lastKnownFileType = sourcecode.swift; path = EnterPasswordRouter.swift; sourceTree = "<group>"; };
		BFAE069A20582E5F003485D7 /* CreatePasswordRouter.swift */ = {isa = PBXFileReference; lastKnownFileType = sourcecode.swift; path = CreatePasswordRouter.swift; sourceTree = "<group>"; };
		BFAE069C20583A30003485D7 /* ChangePasswordRouter.swift */ = {isa = PBXFileReference; lastKnownFileType = sourcecode.swift; path = ChangePasswordRouter.swift; sourceTree = "<group>"; };
		BFAE069E20583D55003485D7 /* AuthenticationUIOperationExecutor.swift */ = {isa = PBXFileReference; lastKnownFileType = sourcecode.swift; path = AuthenticationUIOperationExecutor.swift; sourceTree = "<group>"; };
		BFAE06A6205933B3003485D7 /* OnlineAuthenticationUIOperation.swift */ = {isa = PBXFileReference; lastKnownFileType = sourcecode.swift; path = OnlineAuthenticationUIOperation.swift; sourceTree = "<group>"; };
		BFAE06A820593692003485D7 /* OfflineAuthenticationUIOperation.swift */ = {isa = PBXFileReference; lastKnownFileType = sourcecode.swift; path = OfflineAuthenticationUIOperation.swift; sourceTree = "<group>"; };
		BFD125F4203334DA001CE861 /* PowerAuthSDK+Config.swift */ = {isa = PBXFileReference; lastKnownFileType = sourcecode.swift; path = "PowerAuthSDK+Config.swift"; sourceTree = "<group>"; };
		BFD125FB20333656001CE861 /* LimeAuthSession+Singleton.swift */ = {isa = PBXFileReference; lastKnownFileType = sourcecode.swift; path = "LimeAuthSession+Singleton.swift"; sourceTree = "<group>"; };
		BFD1260120335057001CE861 /* LimeAuthSession+Status.swift */ = {isa = PBXFileReference; lastKnownFileType = sourcecode.swift; path = "LimeAuthSession+Status.swift"; sourceTree = "<group>"; };
		BFD126032034A03E001CE861 /* LimeAuthSession+Queue.swift */ = {isa = PBXFileReference; lastKnownFileType = sourcecode.swift; path = "LimeAuthSession+Queue.swift"; sourceTree = "<group>"; };
		BFDB8CCD20516D4A0063C5EA /* PA2KeychainExtensions.swift */ = {isa = PBXFileReference; fileEncoding = 4; lastKnownFileType = sourcecode.swift; path = PA2KeychainExtensions.swift; sourceTree = "<group>"; };
		BFDB8CCF20516D680063C5EA /* LimeAuthError.swift */ = {isa = PBXFileReference; fileEncoding = 4; lastKnownFileType = sourcecode.swift; path = LimeAuthError.swift; sourceTree = "<group>"; };
		BFDB8CD220516DB30063C5EA /* LimeAuthUIBaseViewController.swift */ = {isa = PBXFileReference; fileEncoding = 4; lastKnownFileType = sourcecode.swift; path = LimeAuthUIBaseViewController.swift; sourceTree = "<group>"; };
		BFDB8CD420516DE00063C5EA /* LimeAuthCredentialsProvider.swift */ = {isa = PBXFileReference; fileEncoding = 4; lastKnownFileType = sourcecode.swift; path = LimeAuthCredentialsProvider.swift; sourceTree = "<group>"; };
		BFDB8CD520516DE00063C5EA /* LimeAuthCredentials.swift */ = {isa = PBXFileReference; fileEncoding = 4; lastKnownFileType = sourcecode.swift; path = LimeAuthCredentials.swift; sourceTree = "<group>"; };
		BFDB8CE52056ABE40063C5EA /* AuthenticationModels.swift */ = {isa = PBXFileReference; fileEncoding = 4; lastKnownFileType = sourcecode.swift; path = AuthenticationModels.swift; sourceTree = "<group>"; };
		BFDB8CE62056ABE40063C5EA /* AuthenticationUIOperation.swift */ = {isa = PBXFileReference; fileEncoding = 4; lastKnownFileType = sourcecode.swift; path = AuthenticationUIOperation.swift; sourceTree = "<group>"; };
		BFDB8CE72056ABE40063C5EA /* AuthenticationUIProcess.swift */ = {isa = PBXFileReference; fileEncoding = 4; lastKnownFileType = sourcecode.swift; path = AuthenticationUIProcess.swift; sourceTree = "<group>"; };
		BFDBCBB32045CFFE001585BF /* Activation.storyboard */ = {isa = PBXFileReference; lastKnownFileType = file.storyboard; path = Activation.storyboard; sourceTree = "<group>"; };
		BFDBCBBF2045DDEA001585BF /* NoCameraAccessModels.swift */ = {isa = PBXFileReference; lastKnownFileType = sourcecode.swift; path = NoCameraAccessModels.swift; sourceTree = "<group>"; };
		BFDBCBC12045E1AD001585BF /* ActivationUIProcess.swift */ = {isa = PBXFileReference; lastKnownFileType = sourcecode.swift; path = ActivationUIProcess.swift; sourceTree = "<group>"; };
		BFDE279120359A37004BC16D /* ActivationStatusFetcher.swift */ = {isa = PBXFileReference; lastKnownFileType = sourcecode.swift; path = ActivationStatusFetcher.swift; sourceTree = "<group>"; };
		BFDE27932035A90E004BC16D /* AsyncBlockOperation.swift */ = {isa = PBXFileReference; lastKnownFileType = sourcecode.swift; path = AsyncBlockOperation.swift; sourceTree = "<group>"; };
		BFDE27952035A929004BC16D /* AsyncOperation.swift */ = {isa = PBXFileReference; lastKnownFileType = sourcecode.swift; path = AsyncOperation.swift; sourceTree = "<group>"; };
		BFDE27972035F34D004BC16D /* LimeAuthSession+Activation.swift */ = {isa = PBXFileReference; lastKnownFileType = sourcecode.swift; path = "LimeAuthSession+Activation.swift"; sourceTree = "<group>"; };
/* End PBXFileReference section */

/* Begin PBXFrameworksBuildPhase section */
		BF8CF42A20320880002A6B6E /* Frameworks */ = {
			isa = PBXFrameworksBuildPhase;
			buildActionMask = 2147483647;
			files = (
				BF6880B02048713E00351112 /* LimeCore.framework in Frameworks */,
				BF6880B22048714500351112 /* PowerAuth2.framework in Frameworks */,
			);
			runOnlyForDeploymentPostprocessing = 0;
		};
/* End PBXFrameworksBuildPhase section */

/* Begin PBXGroup section */
		BF565F87204717C900B9C897 /* CustomViews */ = {
			isa = PBXGroup;
			children = (
				BF565F88204717E100B9C897 /* RoundCornersButton.swift */,
				BF565F8A2047191300B9C897 /* RoundCornersView.swift */,
				BF565F8C20471A2000B9C897 /* WizardButtons.swift */,
			);
			path = CustomViews;
			sourceTree = "<group>";
		};
		BF565F902047288B00B9C897 /* KeysExchange */ = {
			isa = PBXGroup;
			children = (
				BF565F93204728DE00B9C897 /* KeysExchangeRouter.swift */,
				BF565F95204728EC00B9C897 /* KeysExchangeModels.swift */,
				BF565F91204728CC00B9C897 /* KeysExchangeViewController.swift */,
			);
			path = KeysExchange;
			sourceTree = "<group>";
		};
		BF565F9720473B6300B9C897 /* Error */ = {
			isa = PBXGroup;
			children = (
				BF565F9A20473BA900B9C897 /* ErrorActivationRouter.swift */,
				BF565F9C20473BD100B9C897 /* ErrorActivationModels.swift */,
				BF565F9820473B9A00B9C897 /* ErrorActivationViewController.swift */,
			);
			path = Error;
			sourceTree = "<group>";
		};
		BF565FA52047400900B9C897 /* EnableBiometry */ = {
			isa = PBXGroup;
			children = (
				BF565FA72047410200B9C897 /* EnableBiometryRouter.swift */,
				BF565FA92047415900B9C897 /* EnableBiometryModels.swift */,
				BF565FAB2047423600B9C897 /* EnableBiometryViewController.swift */,
			);
			path = EnableBiometry;
			sourceTree = "<group>";
		};
		BF565FA6204740E100B9C897 /* Confirm */ = {
			isa = PBXGroup;
			children = (
				BF565FAF204743F300B9C897 /* ConfirmActivationRouter.swift */,
				BF565FB12047440000B9C897 /* ConfirmActivationModels.swift */,
				BF565FAD2047432E00B9C897 /* ConfirmActivationViewController.swift */,
			);
			path = Confirm;
			sourceTree = "<group>";
		};
		BF61342E2044764C00164496 /* Begin */ = {
			isa = PBXGroup;
			children = (
				BF6134362044863A00164496 /* BeginActivationRouter.swift */,
				BF61344B2045A97E00164496 /* BeginActivationModels.swift */,
				BF613433204485B400164496 /* BeginActivationViewController.swift */,
			);
			path = Begin;
			sourceTree = "<group>";
		};
		BF61342F2044764C00164496 /* ScanCode */ = {
			isa = PBXGroup;
			children = (
				BF61344220448DDF00164496 /* ScanActivationCodeRouter.swift */,
				BF565F832045E70000B9C897 /* ScanActivationCodeModels.swift */,
				BF61344020448DA900164496 /* ScanActivationCodeViewController.swift */,
			);
			path = ScanCode;
			sourceTree = "<group>";
		};
		BF6134302044764C00164496 /* EnterCode */ = {
			isa = PBXGroup;
			children = (
				BF61344520448E7100164496 /* EnterActivationCodeRouter.swift */,
				BF565F812045E59C00B9C897 /* EnterActivationCodeModels.swift */,
				BF61343E20448D5400164496 /* EnterActivationCodeViewController.swift */,
			);
			path = EnterCode;
			sourceTree = "<group>";
		};
		BF6134352044860400164496 /* Scenes */ = {
			isa = PBXGroup;
			children = (
				BF61342E2044764C00164496 /* Begin */,
				BF61343820448ADB00164496 /* NoCameraAccess */,
				BF6134302044764C00164496 /* EnterCode */,
				BF61342F2044764C00164496 /* ScanCode */,
				BF565F902047288B00B9C897 /* KeysExchange */,
				BF565FA52047400900B9C897 /* EnableBiometry */,
				BF565FA6204740E100B9C897 /* Confirm */,
				BF565F9720473B6300B9C897 /* Error */,
				BF5E3F97204B19E70064EF7B /* FakePasswordViewController.swift */,
			);
			path = Scenes;
			sourceTree = "<group>";
		};
		BF61343820448ADB00164496 /* NoCameraAccess */ = {
			isa = PBXGroup;
			children = (
				BF61344720448EBD00164496 /* NoCameraAccessRouter.swift */,
				BFDBCBBF2045DDEA001585BF /* NoCameraAccessModels.swift */,
				BF61343C20448D2100164496 /* NoCameraAccessViewController.swift */,
			);
			path = NoCameraAccess;
			sourceTree = "<group>";
		};
		BF61343920448BDC00164496 /* Process */ = {
			isa = PBXGroup;
			children = (
				BF61344D2045AD3E00164496 /* ActivationModels.swift */,
				BFDBCBC12045E1AD001585BF /* ActivationUIProcess.swift */,
			);
			path = Process;
			sourceTree = "<group>";
		};
		BF61344420448E3200164496 /* Services */ = {
			isa = PBXGroup;
			children = (
				BF613449204490E000164496 /* CameraAccess.swift */,
				BF6134312044765E00164496 /* QRCodeScanner.swift */,
				BF6134512045C45300164496 /* LazyUIImage.swift */,
			);
			path = Services;
			sourceTree = "<group>";
		};
		BF688096204811E100351112 /* Activation */ = {
			isa = PBXGroup;
			children = (
				BF68809420480FC800351112 /* LimeAuthActivationUI+DefaultResources.swift */,
				BF68809720481B9300351112 /* DefaultActivationResourcesProvider.swift */,
				BFDBCBB32045CFFE001585BF /* Activation.storyboard */,
			);
			path = Activation;
			sourceTree = "<group>";
		};
		BF85E592203DBD6700B76FE8 /* Activation */ = {
			isa = PBXGroup;
			children = (
				BF61344420448E3200164496 /* Services */,
				BF61343920448BDC00164496 /* Process */,
				BF6134352044860400164496 /* Scenes */,
				BF85E594203DBDD600B76FE8 /* LimeAuthActivationUI.swift */,
			);
			path = Activation;
			sourceTree = "<group>";
		};
		BF85E593203DBD7600B76FE8 /* Authentication */ = {
			isa = PBXGroup;
			children = (
				BFAE069720582CB6003485D7 /* Routers */,
				BFDB8CE42056ABE40063C5EA /* Process */,
				BFAE06A520593338003485D7 /* Operations */,
				BF85E596203DBDED00B76FE8 /* LimeAuthAuthenticationUI.swift */,
				BFDB8CD520516DE00063C5EA /* LimeAuthCredentials.swift */,
				BFDB8CD420516DE00063C5EA /* LimeAuthCredentialsProvider.swift */,
			);
			path = Authentication;
			sourceTree = "<group>";
		};
		BF8CF42420320880002A6B6E = {
			isa = PBXGroup;
			children = (
				BF8CF439203209AC002A6B6E /* Source */,
				BF8CF44D20320A2B002A6B6E /* Supporting Files */,
				BF8CF42F20320880002A6B6E /* Products */,
				BF8CF46620320B6E002A6B6E /* Frameworks */,
			);
			sourceTree = "<group>";
			usesTabs = 0;
		};
		BF8CF42F20320880002A6B6E /* Products */ = {
			isa = PBXGroup;
			children = (
				BF8CF42E20320880002A6B6E /* LimeAuth.framework */,
			);
			name = Products;
			sourceTree = "<group>";
		};
		BF8CF439203209AC002A6B6E /* Source */ = {
			isa = PBXGroup;
			children = (
				BF8CF43A203209AC002A6B6E /* Core */,
				BF8CF43E203209AC002A6B6E /* UI */,
				BF8CF440203209AC002A6B6E /* UIResources */,
			);
			path = Source;
			sourceTree = "<group>";
		};
		BF8CF43A203209AC002A6B6E /* Core */ = {
			isa = PBXGroup;
			children = (
				BFDE278C20359924004BC16D /* Operations */,
				BFDB8CCC20516D4A0063C5EA /* Extensions */,
				BFD126002033421F001CE861 /* Private */,
				BF8CF5392032F765002A6B6E /* LimeAuthSessionConfig.swift */,
				BF8CF46A2032E8EA002A6B6E /* LimeAuthSession.swift */,
				BFD125FB20333656001CE861 /* LimeAuthSession+Singleton.swift */,
				BFD1260120335057001CE861 /* LimeAuthSession+Status.swift */,
				BFDE27972035F34D004BC16D /* LimeAuthSession+Activation.swift */,
				BFD126032034A03E001CE861 /* LimeAuthSession+Queue.swift */,
				BFDB8CCF20516D680063C5EA /* LimeAuthError.swift */,
			);
			path = Core;
			sourceTree = "<group>";
		};
		BF8CF43E203209AC002A6B6E /* UI */ = {
			isa = PBXGroup;
			children = (
				BFDBCBBE2045D409001585BF /* Views */,
				BFDB8CD120516DB30063C5EA /* Controllers */,
				BF85E592203DBD6700B76FE8 /* Activation */,
				BF85E593203DBD7600B76FE8 /* Authentication */,
			);
			path = UI;
			sourceTree = "<group>";
		};
		BF8CF440203209AC002A6B6E /* UIResources */ = {
			isa = PBXGroup;
			children = (
				BF688096204811E100351112 /* Activation */,
				BF565F87204717C900B9C897 /* CustomViews */,
				BF5E3F95204B09560064EF7B /* Assets.xcassets */,
			);
			path = UIResources;
			sourceTree = "<group>";
		};
		BF8CF44D20320A2B002A6B6E /* Supporting Files */ = {
			isa = PBXGroup;
			children = (
				BF8CF44E20320A40002A6B6E /* Deploy */,
				BF8CF45220320A5E002A6B6E /* Info.plist */,
				BF8CF45120320A5E002A6B6E /* LimeAuth.h */,
				BF8CF45720320AF9002A6B6E /* README.md */,
				BF8CF45920320B17002A6B6E /* LimeAuth.podspec */,
				BF8CF45820320B04002A6B6E /* Cartfile */,
			);
			name = "Supporting Files";
			sourceTree = "<group>";
		};
		BF8CF44E20320A40002A6B6E /* Deploy */ = {
			isa = PBXGroup;
			children = (
				BF8CF44F20320A40002A6B6E /* Info.plist */,
				BF8CF45020320A40002A6B6E /* LimeAuth.podspec */,
			);
			path = Deploy;
			sourceTree = "<group>";
		};
		BF8CF46620320B6E002A6B6E /* Frameworks */ = {
			isa = PBXGroup;
			children = (
				BF6880B12048714400351112 /* PowerAuth2.framework */,
				BF6880AF2048713E00351112 /* LimeCore.framework */,
			);
			name = Frameworks;
			sourceTree = "<group>";
		};
		BFAE069720582CB6003485D7 /* Routers */ = {
			isa = PBXGroup;
			children = (
				BFAE069A20582E5F003485D7 /* CreatePasswordRouter.swift */,
				BFAE069820582CF7003485D7 /* EnterPasswordRouter.swift */,
				BFAE069C20583A30003485D7 /* ChangePasswordRouter.swift */,
			);
			path = Routers;
			sourceTree = "<group>";
		};
		BFAE06A520593338003485D7 /* Operations */ = {
			isa = PBXGroup;
			children = (
				BFAE06A6205933B3003485D7 /* OnlineAuthenticationUIOperation.swift */,
				BFAE06A820593692003485D7 /* OfflineAuthenticationUIOperation.swift */,
			);
			path = Operations;
			sourceTree = "<group>";
		};
		BFD126002033421F001CE861 /* Private */ = {
			isa = PBXGroup;
			children = (
				BF8CF45520320ACA002A6B6E /* LimeImports.swift */,
				BFD125F4203334DA001CE861 /* PowerAuthSDK+Config.swift */,
			);
			path = Private;
			sourceTree = "<group>";
		};
		BFDB8CCC20516D4A0063C5EA /* Extensions */ = {
			isa = PBXGroup;
			children = (
				BFDB8CCD20516D4A0063C5EA /* PA2KeychainExtensions.swift */,
			);
			path = Extensions;
			sourceTree = "<group>";
		};
		BFDB8CD120516DB30063C5EA /* Controllers */ = {
			isa = PBXGroup;
			children = (
				BFDB8CD220516DB30063C5EA /* LimeAuthUIBaseViewController.swift */,
			);
			path = Controllers;
			sourceTree = "<group>";
		};
		BFDB8CE42056ABE40063C5EA /* Process */ = {
			isa = PBXGroup;
			children = (
				BFDB8CE52056ABE40063C5EA /* AuthenticationModels.swift */,
				BFDB8CE72056ABE40063C5EA /* AuthenticationUIProcess.swift */,
				BFDB8CE62056ABE40063C5EA /* AuthenticationUIOperation.swift */,
				BFAE069E20583D55003485D7 /* AuthenticationUIOperationExecutor.swift */,
			);
			path = Process;
			sourceTree = "<group>";
		};
		BFDBCBBE2045D409001585BF /* Views */ = {
			isa = PBXGroup;
			children = (
				BF4BD1332049A26200A2E52C /* TextFieldWithInsets.swift */,
			);
			path = Views;
			sourceTree = "<group>";
		};
		BFDE278C20359924004BC16D /* Operations */ = {
			isa = PBXGroup;
			children = (
				BFDE279120359A37004BC16D /* ActivationStatusFetcher.swift */,
				BFDE27952035A929004BC16D /* AsyncOperation.swift */,
				BFDE27932035A90E004BC16D /* AsyncBlockOperation.swift */,
			);
			path = Operations;
			sourceTree = "<group>";
		};
/* End PBXGroup section */

/* Begin PBXHeadersBuildPhase section */
		BF8CF42B20320880002A6B6E /* Headers */ = {
			isa = PBXHeadersBuildPhase;
			buildActionMask = 2147483647;
			files = (
				BF8CF45320320A5E002A6B6E /* LimeAuth.h in Headers */,
			);
			runOnlyForDeploymentPostprocessing = 0;
		};
/* End PBXHeadersBuildPhase section */

/* Begin PBXNativeTarget section */
		BF8CF42D20320880002A6B6E /* LimeAuth */ = {
			isa = PBXNativeTarget;
			buildConfigurationList = BF8CF43620320880002A6B6E /* Build configuration list for PBXNativeTarget "LimeAuth" */;
			buildPhases = (
				BF8CF42920320880002A6B6E /* Sources */,
				BF8CF42A20320880002A6B6E /* Frameworks */,
				BF8CF42B20320880002A6B6E /* Headers */,
				BF8CF42C20320880002A6B6E /* Resources */,
			);
			buildRules = (
			);
			dependencies = (
			);
			name = LimeAuth;
			productName = LimeAuth;
			productReference = BF8CF42E20320880002A6B6E /* LimeAuth.framework */;
			productType = "com.apple.product-type.framework";
		};
/* End PBXNativeTarget section */

/* Begin PBXProject section */
		BF8CF42520320880002A6B6E /* Project object */ = {
			isa = PBXProject;
			attributes = {
				LastUpgradeCheck = 0920;
				ORGANIZATIONNAME = "Lime - HighTech Solutions";
				TargetAttributes = {
					BF8CF42D20320880002A6B6E = {
						CreatedOnToolsVersion = 9.2;
						LastSwiftMigration = 0920;
						ProvisioningStyle = Automatic;
					};
				};
			};
			buildConfigurationList = BF8CF42820320880002A6B6E /* Build configuration list for PBXProject "LimeAuth" */;
			compatibilityVersion = "Xcode 8.0";
			developmentRegion = en;
			hasScannedForEncodings = 0;
			knownRegions = (
				en,
			);
			mainGroup = BF8CF42420320880002A6B6E;
			productRefGroup = BF8CF42F20320880002A6B6E /* Products */;
			projectDirPath = "";
			projectRoot = "";
			targets = (
				BF8CF42D20320880002A6B6E /* LimeAuth */,
			);
		};
/* End PBXProject section */

/* Begin PBXResourcesBuildPhase section */
		BF8CF42C20320880002A6B6E /* Resources */ = {
			isa = PBXResourcesBuildPhase;
			buildActionMask = 2147483647;
			files = (
				BF5E3F96204B09570064EF7B /* Assets.xcassets in Resources */,
				BFDBCBB42045D00D001585BF /* Activation.storyboard in Resources */,
			);
			runOnlyForDeploymentPostprocessing = 0;
		};
/* End PBXResourcesBuildPhase section */

/* Begin PBXSourcesBuildPhase section */
		BF8CF42920320880002A6B6E /* Sources */ = {
			isa = PBXSourcesBuildPhase;
			buildActionMask = 2147483647;
			files = (
				BFDE27982035F34D004BC16D /* LimeAuthSession+Activation.swift in Sources */,
				BFD125F5203334DA001CE861 /* PowerAuthSDK+Config.swift in Sources */,
				BF565F9D20473BD100B9C897 /* ErrorActivationModels.swift in Sources */,
				BF565FA82047410200B9C897 /* EnableBiometryRouter.swift in Sources */,
				BF565F8B2047191300B9C897 /* RoundCornersView.swift in Sources */,
				BF565F96204728EC00B9C897 /* KeysExchangeModels.swift in Sources */,
				BF565FB22047440000B9C897 /* ConfirmActivationModels.swift in Sources */,
				BF61344E2045AD3E00164496 /* ActivationModels.swift in Sources */,
				BF565FAA2047415900B9C897 /* EnableBiometryModels.swift in Sources */,
				BFDE279220359A37004BC16D /* ActivationStatusFetcher.swift in Sources */,
				BFDB8CD320516DB30063C5EA /* LimeAuthUIBaseViewController.swift in Sources */,
				BF4BD1342049A26200A2E52C /* TextFieldWithInsets.swift in Sources */,
				BF8CF53A2032F765002A6B6E /* LimeAuthSessionConfig.swift in Sources */,
				BFDBCBC02045DDEA001585BF /* NoCameraAccessModels.swift in Sources */,
				BFAE06A7205933B3003485D7 /* OnlineAuthenticationUIOperation.swift in Sources */,
				BFDB8CD620516DE00063C5EA /* LimeAuthCredentialsProvider.swift in Sources */,
				BF6134372044863A00164496 /* BeginActivationRouter.swift in Sources */,
				BFD1260220335057001CE861 /* LimeAuthSession+Status.swift in Sources */,
				BF5E3F98204B19E70064EF7B /* FakePasswordViewController.swift in Sources */,
				BF565FAE2047432E00B9C897 /* ConfirmActivationViewController.swift in Sources */,
				BF61344620448E7100164496 /* EnterActivationCodeRouter.swift in Sources */,
				BF61343F20448D5400164496 /* EnterActivationCodeViewController.swift in Sources */,
				BF61343D20448D2100164496 /* NoCameraAccessViewController.swift in Sources */,
				BF565FB0204743F300B9C897 /* ConfirmActivationRouter.swift in Sources */,
				BF8CF45620320ACA002A6B6E /* LimeImports.swift in Sources */,
				BF68809520480FC800351112 /* LimeAuthActivationUI+DefaultResources.swift in Sources */,
				BFDB8CCE20516D4B0063C5EA /* PA2KeychainExtensions.swift in Sources */,
				BF565FAC2047423600B9C897 /* EnableBiometryViewController.swift in Sources */,
				BF565F92204728CC00B9C897 /* KeysExchangeViewController.swift in Sources */,
				BF6134322044765E00164496 /* QRCodeScanner.swift in Sources */,
				BF565F94204728DE00B9C897 /* KeysExchangeRouter.swift in Sources */,
				BFAE069920582CF7003485D7 /* EnterPasswordRouter.swift in Sources */,
				BF85E595203DBDD600B76FE8 /* LimeAuthActivationUI.swift in Sources */,
				BF565F9B20473BA900B9C897 /* ErrorActivationRouter.swift in Sources */,
				BFDB8CE82056ABE40063C5EA /* AuthenticationModels.swift in Sources */,
				BF565F89204717E100B9C897 /* RoundCornersButton.swift in Sources */,
				BF6134522045C45300164496 /* LazyUIImage.swift in Sources */,
				BF68809820481B9300351112 /* DefaultActivationResourcesProvider.swift in Sources */,
				BF565F8D20471A2000B9C897 /* WizardButtons.swift in Sources */,
				BFAE06A920593692003485D7 /* OfflineAuthenticationUIOperation.swift in Sources */,
				BF85E597203DBDED00B76FE8 /* LimeAuthAuthenticationUI.swift in Sources */,
				BF565F9920473B9A00B9C897 /* ErrorActivationViewController.swift in Sources */,
				BFDB8CEA2056ABE40063C5EA /* AuthenticationUIProcess.swift in Sources */,
				BFD125FC20333656001CE861 /* LimeAuthSession+Singleton.swift in Sources */,
				BF61344320448DDF00164496 /* ScanActivationCodeRouter.swift in Sources */,
				BF8CF46B2032E8EA002A6B6E /* LimeAuthSession.swift in Sources */,
				BF565F842045E70000B9C897 /* ScanActivationCodeModels.swift in Sources */,
				BF61344C2045A97E00164496 /* BeginActivationModels.swift in Sources */,
				BFDB8CD020516D680063C5EA /* LimeAuthError.swift in Sources */,
				BF61344120448DA900164496 /* ScanActivationCodeViewController.swift in Sources */,
				BFDB8CD720516DE00063C5EA /* LimeAuthCredentials.swift in Sources */,
				BF61344820448EBD00164496 /* NoCameraAccessRouter.swift in Sources */,
				BF565F822045E59C00B9C897 /* EnterActivationCodeModels.swift in Sources */,
				BFAE069B20582E5F003485D7 /* CreatePasswordRouter.swift in Sources */,
				BFDB8CE92056ABE40063C5EA /* AuthenticationUIOperation.swift in Sources */,
				BFAE069D20583A30003485D7 /* ChangePasswordRouter.swift in Sources */,
				BF613434204485B400164496 /* BeginActivationViewController.swift in Sources */,
				BFAE069F20583D55003485D7 /* AuthenticationUIOperationExecutor.swift in Sources */,
				BFDE27942035A90E004BC16D /* AsyncBlockOperation.swift in Sources */,
				BFDE27962035A929004BC16D /* AsyncOperation.swift in Sources */,
				BFDBCBC22045E1AD001585BF /* ActivationUIProcess.swift in Sources */,
				BF61344A204490E000164496 /* CameraAccess.swift in Sources */,
				BFD126042034A03E001CE861 /* LimeAuthSession+Queue.swift in Sources */,
			);
			runOnlyForDeploymentPostprocessing = 0;
		};
/* End PBXSourcesBuildPhase section */

/* Begin XCBuildConfiguration section */
		BF8CF43420320880002A6B6E /* Debug */ = {
			isa = XCBuildConfiguration;
			buildSettings = {
				ALWAYS_SEARCH_USER_PATHS = NO;
				CLANG_ANALYZER_NONNULL = YES;
				CLANG_ANALYZER_NUMBER_OBJECT_CONVERSION = YES_AGGRESSIVE;
				CLANG_CXX_LANGUAGE_STANDARD = "gnu++14";
				CLANG_CXX_LIBRARY = "libc++";
				CLANG_ENABLE_MODULES = YES;
				CLANG_ENABLE_OBJC_ARC = YES;
				CLANG_WARN_BLOCK_CAPTURE_AUTORELEASING = YES;
				CLANG_WARN_BOOL_CONVERSION = YES;
				CLANG_WARN_COMMA = YES;
				CLANG_WARN_CONSTANT_CONVERSION = YES;
				CLANG_WARN_DIRECT_OBJC_ISA_USAGE = YES_ERROR;
				CLANG_WARN_DOCUMENTATION_COMMENTS = YES;
				CLANG_WARN_EMPTY_BODY = YES;
				CLANG_WARN_ENUM_CONVERSION = YES;
				CLANG_WARN_INFINITE_RECURSION = YES;
				CLANG_WARN_INT_CONVERSION = YES;
				CLANG_WARN_NON_LITERAL_NULL_CONVERSION = YES;
				CLANG_WARN_OBJC_LITERAL_CONVERSION = YES;
				CLANG_WARN_OBJC_ROOT_CLASS = YES_ERROR;
				CLANG_WARN_RANGE_LOOP_ANALYSIS = YES;
				CLANG_WARN_STRICT_PROTOTYPES = YES;
				CLANG_WARN_SUSPICIOUS_MOVE = YES;
				CLANG_WARN_UNGUARDED_AVAILABILITY = YES_AGGRESSIVE;
				CLANG_WARN_UNREACHABLE_CODE = YES;
				CLANG_WARN__DUPLICATE_METHOD_MATCH = YES;
				CODE_SIGN_IDENTITY = "iPhone Developer";
				COPY_PHASE_STRIP = NO;
				CURRENT_PROJECT_VERSION = 1;
				DEBUG_INFORMATION_FORMAT = dwarf;
				ENABLE_BITCODE = NO;
				ENABLE_STRICT_OBJC_MSGSEND = YES;
				ENABLE_TESTABILITY = YES;
				GCC_C_LANGUAGE_STANDARD = gnu11;
				GCC_DYNAMIC_NO_PIC = NO;
				GCC_NO_COMMON_BLOCKS = YES;
				GCC_OPTIMIZATION_LEVEL = 0;
				GCC_PREPROCESSOR_DEFINITIONS = (
					"DEBUG=1",
					"$(inherited)",
				);
				GCC_WARN_64_TO_32_BIT_CONVERSION = YES;
				GCC_WARN_ABOUT_RETURN_TYPE = YES_ERROR;
				GCC_WARN_UNDECLARED_SELECTOR = YES;
				GCC_WARN_UNINITIALIZED_AUTOS = YES_AGGRESSIVE;
				GCC_WARN_UNUSED_FUNCTION = YES;
				GCC_WARN_UNUSED_VARIABLE = YES;
				IPHONEOS_DEPLOYMENT_TARGET = 9.0;
				MTL_ENABLE_DEBUG_INFO = YES;
				ONLY_ACTIVE_ARCH = YES;
				SDKROOT = iphoneos;
				SWIFT_ACTIVE_COMPILATION_CONDITIONS = DEBUG;
				SWIFT_OPTIMIZATION_LEVEL = "-Onone";
				VERSIONING_SYSTEM = "apple-generic";
				VERSION_INFO_PREFIX = "";
			};
			name = Debug;
		};
		BF8CF43520320880002A6B6E /* Release */ = {
			isa = XCBuildConfiguration;
			buildSettings = {
				ALWAYS_SEARCH_USER_PATHS = NO;
				CLANG_ANALYZER_NONNULL = YES;
				CLANG_ANALYZER_NUMBER_OBJECT_CONVERSION = YES_AGGRESSIVE;
				CLANG_CXX_LANGUAGE_STANDARD = "gnu++14";
				CLANG_CXX_LIBRARY = "libc++";
				CLANG_ENABLE_MODULES = YES;
				CLANG_ENABLE_OBJC_ARC = YES;
				CLANG_WARN_BLOCK_CAPTURE_AUTORELEASING = YES;
				CLANG_WARN_BOOL_CONVERSION = YES;
				CLANG_WARN_COMMA = YES;
				CLANG_WARN_CONSTANT_CONVERSION = YES;
				CLANG_WARN_DIRECT_OBJC_ISA_USAGE = YES_ERROR;
				CLANG_WARN_DOCUMENTATION_COMMENTS = YES;
				CLANG_WARN_EMPTY_BODY = YES;
				CLANG_WARN_ENUM_CONVERSION = YES;
				CLANG_WARN_INFINITE_RECURSION = YES;
				CLANG_WARN_INT_CONVERSION = YES;
				CLANG_WARN_NON_LITERAL_NULL_CONVERSION = YES;
				CLANG_WARN_OBJC_LITERAL_CONVERSION = YES;
				CLANG_WARN_OBJC_ROOT_CLASS = YES_ERROR;
				CLANG_WARN_RANGE_LOOP_ANALYSIS = YES;
				CLANG_WARN_STRICT_PROTOTYPES = YES;
				CLANG_WARN_SUSPICIOUS_MOVE = YES;
				CLANG_WARN_UNGUARDED_AVAILABILITY = YES_AGGRESSIVE;
				CLANG_WARN_UNREACHABLE_CODE = YES;
				CLANG_WARN__DUPLICATE_METHOD_MATCH = YES;
				CODE_SIGN_IDENTITY = "iPhone Developer";
				COPY_PHASE_STRIP = NO;
				CURRENT_PROJECT_VERSION = 1;
				DEBUG_INFORMATION_FORMAT = "dwarf-with-dsym";
				ENABLE_BITCODE = NO;
				ENABLE_NS_ASSERTIONS = NO;
				ENABLE_STRICT_OBJC_MSGSEND = YES;
				GCC_C_LANGUAGE_STANDARD = gnu11;
				GCC_NO_COMMON_BLOCKS = YES;
				GCC_WARN_64_TO_32_BIT_CONVERSION = YES;
				GCC_WARN_ABOUT_RETURN_TYPE = YES_ERROR;
				GCC_WARN_UNDECLARED_SELECTOR = YES;
				GCC_WARN_UNINITIALIZED_AUTOS = YES_AGGRESSIVE;
				GCC_WARN_UNUSED_FUNCTION = YES;
				GCC_WARN_UNUSED_VARIABLE = YES;
				IPHONEOS_DEPLOYMENT_TARGET = 9.0;
				MTL_ENABLE_DEBUG_INFO = NO;
				SDKROOT = iphoneos;
				SWIFT_OPTIMIZATION_LEVEL = "-Owholemodule";
				VALIDATE_PRODUCT = YES;
				VERSIONING_SYSTEM = "apple-generic";
				VERSION_INFO_PREFIX = "";
			};
			name = Release;
		};
		BF8CF43720320880002A6B6E /* Debug */ = {
			isa = XCBuildConfiguration;
			buildSettings = {
				CLANG_ENABLE_MODULES = YES;
				CODE_SIGN_IDENTITY = "";
				CODE_SIGN_STYLE = Automatic;
				DEFINES_MODULE = YES;
				DEVELOPMENT_TEAM = KTT9G859MR;
				DYLIB_COMPATIBILITY_VERSION = 1;
				DYLIB_CURRENT_VERSION = 1;
				DYLIB_INSTALL_NAME_BASE = "@rpath";
				FRAMEWORK_SEARCH_PATHS = (
					"$(inherited)",
					"$(PROJECT_DIR)/Carthage/Build/iOS",
				);
				INFOPLIST_FILE = Source/Info.plist;
				INSTALL_PATH = "$(LOCAL_LIBRARY_DIR)/Frameworks";
				LD_RUNPATH_SEARCH_PATHS = "$(inherited) @executable_path/Frameworks @loader_path/Frameworks";
				PRODUCT_BUNDLE_IDENTIFIER = io.getlime.lib.LimeAuth;
				PRODUCT_NAME = LimeAuth;
				SKIP_INSTALL = YES;
				SWIFT_OPTIMIZATION_LEVEL = "-Onone";
				SWIFT_VERSION = 4.0;
				TARGETED_DEVICE_FAMILY = "1,2";
			};
			name = Debug;
		};
		BF8CF43820320880002A6B6E /* Release */ = {
			isa = XCBuildConfiguration;
			buildSettings = {
				CLANG_ENABLE_MODULES = YES;
				CODE_SIGN_IDENTITY = "";
				CODE_SIGN_STYLE = Automatic;
				DEFINES_MODULE = YES;
				DEVELOPMENT_TEAM = KTT9G859MR;
				DYLIB_COMPATIBILITY_VERSION = 1;
				DYLIB_CURRENT_VERSION = 1;
				DYLIB_INSTALL_NAME_BASE = "@rpath";
				FRAMEWORK_SEARCH_PATHS = (
					"$(inherited)",
					"$(PROJECT_DIR)/Carthage/Build/iOS",
				);
				INFOPLIST_FILE = Source/Info.plist;
				INSTALL_PATH = "$(LOCAL_LIBRARY_DIR)/Frameworks";
				LD_RUNPATH_SEARCH_PATHS = "$(inherited) @executable_path/Frameworks @loader_path/Frameworks";
				PRODUCT_BUNDLE_IDENTIFIER = io.getlime.lib.LimeAuth;
				PRODUCT_NAME = LimeAuth;
				SKIP_INSTALL = YES;
				SWIFT_VERSION = 4.0;
				TARGETED_DEVICE_FAMILY = "1,2";
			};
			name = Release;
		};
/* End XCBuildConfiguration section */

/* Begin XCConfigurationList section */
		BF8CF42820320880002A6B6E /* Build configuration list for PBXProject "LimeAuth" */ = {
			isa = XCConfigurationList;
			buildConfigurations = (
				BF8CF43420320880002A6B6E /* Debug */,
				BF8CF43520320880002A6B6E /* Release */,
			);
			defaultConfigurationIsVisible = 0;
			defaultConfigurationName = Release;
		};
		BF8CF43620320880002A6B6E /* Build configuration list for PBXNativeTarget "LimeAuth" */ = {
			isa = XCConfigurationList;
			buildConfigurations = (
				BF8CF43720320880002A6B6E /* Debug */,
				BF8CF43820320880002A6B6E /* Release */,
			);
			defaultConfigurationIsVisible = 0;
			defaultConfigurationName = Release;
		};
/* End XCConfigurationList section */
	};
	rootObject = BF8CF42520320880002A6B6E /* Project object */;
}
